// !$*UTF8*$!
{
	archiveVersion = 1;
	classes = {
	};
	objectVersion = 55;
	objects = {

/* Begin PBXBuildFile section */
		890AD86327C5512000DD6E3A /* CommonViews.swift in Sources */ = {isa = PBXBuildFile; fileRef = 890AD86227C5512000DD6E3A /* CommonViews.swift */; };
		890AD86527C551F000DD6E3A /* RandomCardView.swift in Sources */ = {isa = PBXBuildFile; fileRef = 890AD86427C551F000DD6E3A /* RandomCardView.swift */; };
		89106B1127AAADC500D20627 /* NictionaryApp.swift in Sources */ = {isa = PBXBuildFile; fileRef = 89106B1027AAADC500D20627 /* NictionaryApp.swift */; };
		89106B1327AAADC500D20627 /* ContentView.swift in Sources */ = {isa = PBXBuildFile; fileRef = 89106B1227AAADC500D20627 /* ContentView.swift */; };
		89106B1527AAADC800D20627 /* Assets.xcassets in Resources */ = {isa = PBXBuildFile; fileRef = 89106B1427AAADC800D20627 /* Assets.xcassets */; };
		89106B1827AAADC800D20627 /* Preview Assets.xcassets in Resources */ = {isa = PBXBuildFile; fileRef = 89106B1727AAADC800D20627 /* Preview Assets.xcassets */; };
		89106B2227AAADC800D20627 /* NictionaryTests.swift in Sources */ = {isa = PBXBuildFile; fileRef = 89106B2127AAADC800D20627 /* NictionaryTests.swift */; };
		89106B2C27AAADC800D20627 /* NictionaryUITests.swift in Sources */ = {isa = PBXBuildFile; fileRef = 89106B2B27AAADC800D20627 /* NictionaryUITests.swift */; };
		89106B2E27AAADC800D20627 /* NictionaryUITestsLaunchTests.swift in Sources */ = {isa = PBXBuildFile; fileRef = 89106B2D27AAADC800D20627 /* NictionaryUITestsLaunchTests.swift */; };
		89106B6827AAB09800D20627 /* word_catertoyourkenday.m4a in Resources */ = {isa = PBXBuildFile; fileRef = 89106B3B27AAB09500D20627 /* word_catertoyourkenday.m4a */; };
		89106B6927AAB09800D20627 /* word_chincheck.m4a in Resources */ = {isa = PBXBuildFile; fileRef = 89106B3C27AAB09500D20627 /* word_chincheck.m4a */; };
		89106B6A27AAB09800D20627 /* word_barbieboombox.m4a in Resources */ = {isa = PBXBuildFile; fileRef = 89106B3D27AAB09500D20627 /* word_barbieboombox.m4a */; };
		89106B6B27AAB09800D20627 /* word_badbitchcheck.m4a in Resources */ = {isa = PBXBuildFile; fileRef = 89106B3E27AAB09600D20627 /* word_badbitchcheck.m4a */; };
		89106B6C27AAB09800D20627 /* word_barbiebackhand.m4a in Resources */ = {isa = PBXBuildFile; fileRef = 89106B3F27AAB09600D20627 /* word_barbiebackhand.m4a */; };
		89106B6D27AAB09800D20627 /* word_balloonboy.m4a in Resources */ = {isa = PBXBuildFile; fileRef = 89106B4027AAB09600D20627 /* word_balloonboy.m4a */; };
		89106B6E27AAB09800D20627 /* word_ddandan.m4a in Resources */ = {isa = PBXBuildFile; fileRef = 89106B4127AAB09600D20627 /* word_ddandan.m4a */; };
		89106B6F27AAB09800D20627 /* word_firemarshall.m4a in Resources */ = {isa = PBXBuildFile; fileRef = 89106B4227AAB09600D20627 /* word_firemarshall.m4a */; };
		89106B7027AAB09800D20627 /* word_hiimronideutch.m4a in Resources */ = {isa = PBXBuildFile; fileRef = 89106B4327AAB09600D20627 /* word_hiimronideutch.m4a */; };
		89106B7127AAB09800D20627 /* word_dollylama.m4a in Resources */ = {isa = PBXBuildFile; fileRef = 89106B4427AAB09600D20627 /* word_dollylama.m4a */; };
		89106B7227AAB09800D20627 /* word_binafan.m4a in Resources */ = {isa = PBXBuildFile; fileRef = 89106B4527AAB09600D20627 /* word_binafan.m4a */; };
		89106B7327AAB09800D20627 /* word_bff.m4a in Resources */ = {isa = PBXBuildFile; fileRef = 89106B4627AAB09600D20627 /* word_bff.m4a */; };
		89106B7427AAB09800D20627 /* word_gbr.m4a in Resources */ = {isa = PBXBuildFile; fileRef = 89106B4727AAB09600D20627 /* word_gbr.m4a */; };
		89106B7527AAB09800D20627 /* word_getoffmyphone.m4a in Resources */ = {isa = PBXBuildFile; fileRef = 89106B4827AAB09600D20627 /* word_getoffmyphone.m4a */; };
		89106B7627AAB09800D20627 /* word_tumbledry.m4a in Resources */ = {isa = PBXBuildFile; fileRef = 89106B4927AAB09600D20627 /* word_tumbledry.m4a */; };
		89106B7727AAB09800D20627 /* word_wafflehouse.m4a in Resources */ = {isa = PBXBuildFile; fileRef = 89106B4A27AAB09600D20627 /* word_wafflehouse.m4a */; };
		89106B7827AAB09800D20627 /* word_barbiedetention.m4a in Resources */ = {isa = PBXBuildFile; fileRef = 89106B4B27AAB09600D20627 /* word_barbiedetention.m4a */; };
		89106B7927AAB09800D20627 /* word_strawberryshortcake.m4a in Resources */ = {isa = PBXBuildFile; fileRef = 89106B4C27AAB09600D20627 /* word_strawberryshortcake.m4a */; };
		89106B7A27AAB09800D20627 /* word_baldylocks.m4a in Resources */ = {isa = PBXBuildFile; fileRef = 89106B4D27AAB09600D20627 /* word_baldylocks.m4a */; };
		89106B7B27AAB09800D20627 /* word_hb.m4a in Resources */ = {isa = PBXBuildFile; fileRef = 89106B4E27AAB09600D20627 /* word_hb.m4a */; };
		89106B7C27AAB09800D20627 /* word_fetch.m4a in Resources */ = {isa = PBXBuildFile; fileRef = 89106B4F27AAB09700D20627 /* word_fetch.m4a */; };
		89106B7D27AAB09800D20627 /* word_stepyourscottyup.m4a in Resources */ = {isa = PBXBuildFile; fileRef = 89106B5027AAB09700D20627 /* word_stepyourscottyup.m4a */; };
		89106B7E27AAB09800D20627 /* word_ben.m4a in Resources */ = {isa = PBXBuildFile; fileRef = 89106B5127AAB09700D20627 /* word_ben.m4a */; };
		89106B7F27AAB09800D20627 /* word_copyrightin.m4a in Resources */ = {isa = PBXBuildFile; fileRef = 89106B5227AAB09700D20627 /* word_copyrightin.m4a */; };
		89106B8027AAB09800D20627 /* word_barbiepowers.m4a in Resources */ = {isa = PBXBuildFile; fileRef = 89106B5327AAB09700D20627 /* word_barbiepowers.m4a */; };
		89106B8127AAB09800D20627 /* word_gabbagepatchkid.m4a in Resources */ = {isa = PBXBuildFile; fileRef = 89106B5427AAB09700D20627 /* word_gabbagepatchkid.m4a */; };
		89106B8227AAB09800D20627 /* word_muni.m4a in Resources */ = {isa = PBXBuildFile; fileRef = 89106B5527AAB09700D20627 /* word_muni.m4a */; };
		89106B8327AAB09800D20627 /* word_surfboard.m4a in Resources */ = {isa = PBXBuildFile; fileRef = 89106B5627AAB09700D20627 /* word_surfboard.m4a */; };
		89106B8427AAB09800D20627 /* word_vertical.m4a in Resources */ = {isa = PBXBuildFile; fileRef = 89106B5727AAB09700D20627 /* word_vertical.m4a */; };
		89106B8527AAB09800D20627 /* word_dollhouse.m4a in Resources */ = {isa = PBXBuildFile; fileRef = 89106B5827AAB09700D20627 /* word_dollhouse.m4a */; };
		89106B8627AAB09800D20627 /* word_ackorgiddyway.m4a in Resources */ = {isa = PBXBuildFile; fileRef = 89106B5927AAB09700D20627 /* word_ackorgiddyway.m4a */; };
		89106B8727AAB09800D20627 /* word_rogerdat.m4a in Resources */ = {isa = PBXBuildFile; fileRef = 89106B5A27AAB09700D20627 /* word_rogerdat.m4a */; };
		89106B8827AAB09800D20627 /* word_wigibear.m4a in Resources */ = {isa = PBXBuildFile; fileRef = 89106B5B27AAB09700D20627 /* word_wigibear.m4a */; };
		89106B8927AAB09800D20627 /* word_alfredbitchcock.m4a in Resources */ = {isa = PBXBuildFile; fileRef = 89106B5C27AAB09700D20627 /* word_alfredbitchcock.m4a */; };
		89106B8A27AAB09800D20627 /* word_barbiejuice.m4a in Resources */ = {isa = PBXBuildFile; fileRef = 89106B5D27AAB09700D20627 /* word_barbiejuice.m4a */; };
		89106B8B27AAB09800D20627 /* word_barbiesfonenumber.m4a in Resources */ = {isa = PBXBuildFile; fileRef = 89106B5E27AAB09700D20627 /* word_barbiesfonenumber.m4a */; };
		89106B8C27AAB09800D20627 /* word_basement.m4a in Resources */ = {isa = PBXBuildFile; fileRef = 89106B5F27AAB09700D20627 /* word_basement.m4a */; };
		89106B8D27AAB09800D20627 /* word_itsbarbiebitch.m4a in Resources */ = {isa = PBXBuildFile; fileRef = 89106B6027AAB09700D20627 /* word_itsbarbiebitch.m4a */; };
		89106B8E27AAB09800D20627 /* word_judgejudy.m4a in Resources */ = {isa = PBXBuildFile; fileRef = 89106B6127AAB09800D20627 /* word_judgejudy.m4a */; };
		89106B8F27AAB09800D20627 /* word_barbieberry.m4a in Resources */ = {isa = PBXBuildFile; fileRef = 89106B6227AAB09800D20627 /* word_barbieberry.m4a */; };
		89106B9027AAB09800D20627 /* word_frostythesnowman.m4a in Resources */ = {isa = PBXBuildFile; fileRef = 89106B6327AAB09800D20627 /* word_frostythesnowman.m4a */; };
		89106B9127AAB09800D20627 /* word_penthouse.m4a in Resources */ = {isa = PBXBuildFile; fileRef = 89106B6427AAB09800D20627 /* word_penthouse.m4a */; };
		89106B9227AAB09800D20627 /* word_raggedythespy.m4a in Resources */ = {isa = PBXBuildFile; fileRef = 89106B6527AAB09800D20627 /* word_raggedythespy.m4a */; };
		89106B9327AAB09800D20627 /* word_wetwhitewilly.m4a in Resources */ = {isa = PBXBuildFile; fileRef = 89106B6627AAB09800D20627 /* word_wetwhitewilly.m4a */; };
		89106B9427AAB09800D20627 /* word_goose.m4a in Resources */ = {isa = PBXBuildFile; fileRef = 89106B6727AAB09800D20627 /* word_goose.m4a */; };
		89106B9627AAB41C00D20627 /* nicitionary.json in Resources */ = {isa = PBXBuildFile; fileRef = 89106B9527AAB41C00D20627 /* nicitionary.json */; };
		89106B9927AAB45900D20627 /* Word.swift in Sources */ = {isa = PBXBuildFile; fileRef = 89106B9827AAB45900D20627 /* Word.swift */; };
		89106B9B27AAE02800D20627 /* ModelData.swift in Sources */ = {isa = PBXBuildFile; fileRef = 89106B9A27AAE02800D20627 /* ModelData.swift */; };
		89106B9D27AAE3EA00D20627 /* CardView.swift in Sources */ = {isa = PBXBuildFile; fileRef = 89106B9C27AAE3EA00D20627 /* CardView.swift */; };
		89106B9F27AAE81100D20627 /* card_front_background.png in Resources */ = {isa = PBXBuildFile; fileRef = 89106B9E27AAE81100D20627 /* card_front_background.png */; };
		89106BA827AB02B700D20627 /* cardpile.png in Resources */ = {isa = PBXBuildFile; fileRef = 89106BA727AB02B700D20627 /* cardpile.png */; };
		8954543927B80B5C00337E6B /* SearchCard.swift in Sources */ = {isa = PBXBuildFile; fileRef = 8954543827B80B5C00337E6B /* SearchCard.swift */; };
		899C913027AC77F7001772AF /* TabView.swift in Sources */ = {isa = PBXBuildFile; fileRef = 899C912F27AC77F7001772AF /* TabView.swift */; };
		899C913327AC808F001772AF /* Collections in Frameworks */ = {isa = PBXBuildFile; productRef = 899C913227AC808F001772AF /* Collections */; };
		899C913527AC808F001772AF /* OrderedCollections in Frameworks */ = {isa = PBXBuildFile; productRef = 899C913427AC808F001772AF /* OrderedCollections */; };
		899C913727AC8146001772AF /* TabButton.swift in Sources */ = {isa = PBXBuildFile; fileRef = 899C913627AC8146001772AF /* TabButton.swift */; };
		89CF9B2F27B459C100EC3B1F /* SearchView.swift in Sources */ = {isa = PBXBuildFile; fileRef = 89CF9B2E27B459C100EC3B1F /* SearchView.swift */; };
		89CF9B3227B4616200EC3B1F /* PureSwiftUI in Frameworks */ = {isa = PBXBuildFile; productRef = 89CF9B3127B4616200EC3B1F /* PureSwiftUI */; };
		89CF9B3527B4618700EC3B1F /* PureSwiftUITools in Frameworks */ = {isa = PBXBuildFile; productRef = 89CF9B3427B4618700EC3B1F /* PureSwiftUITools */; };
/* End PBXBuildFile section */

/* Begin PBXContainerItemProxy section */
		89106B1E27AAADC800D20627 /* PBXContainerItemProxy */ = {
			isa = PBXContainerItemProxy;
			containerPortal = 89106B0527AAADC500D20627 /* Project object */;
			proxyType = 1;
			remoteGlobalIDString = 89106B0C27AAADC500D20627;
			remoteInfo = Nictionary;
		};
		89106B2827AAADC800D20627 /* PBXContainerItemProxy */ = {
			isa = PBXContainerItemProxy;
			containerPortal = 89106B0527AAADC500D20627 /* Project object */;
			proxyType = 1;
			remoteGlobalIDString = 89106B0C27AAADC500D20627;
			remoteInfo = Nictionary;
		};
/* End PBXContainerItemProxy section */

/* Begin PBXFileReference section */
		890AD86227C5512000DD6E3A /* CommonViews.swift */ = {isa = PBXFileReference; lastKnownFileType = sourcecode.swift; path = CommonViews.swift; sourceTree = "<group>"; };
		890AD86427C551F000DD6E3A /* RandomCardView.swift */ = {isa = PBXFileReference; lastKnownFileType = sourcecode.swift; path = RandomCardView.swift; sourceTree = "<group>"; };
		89106B0D27AAADC500D20627 /* Nictionary.app */ = {isa = PBXFileReference; explicitFileType = wrapper.application; includeInIndex = 0; path = Nictionary.app; sourceTree = BUILT_PRODUCTS_DIR; };
		89106B1027AAADC500D20627 /* NictionaryApp.swift */ = {isa = PBXFileReference; lastKnownFileType = sourcecode.swift; path = NictionaryApp.swift; sourceTree = "<group>"; };
		89106B1227AAADC500D20627 /* ContentView.swift */ = {isa = PBXFileReference; lastKnownFileType = sourcecode.swift; path = ContentView.swift; sourceTree = "<group>"; };
		89106B1427AAADC800D20627 /* Assets.xcassets */ = {isa = PBXFileReference; lastKnownFileType = folder.assetcatalog; path = Assets.xcassets; sourceTree = "<group>"; };
		89106B1727AAADC800D20627 /* Preview Assets.xcassets */ = {isa = PBXFileReference; lastKnownFileType = folder.assetcatalog; path = "Preview Assets.xcassets"; sourceTree = "<group>"; };
		89106B1D27AAADC800D20627 /* NictionaryTests.xctest */ = {isa = PBXFileReference; explicitFileType = wrapper.cfbundle; includeInIndex = 0; path = NictionaryTests.xctest; sourceTree = BUILT_PRODUCTS_DIR; };
		89106B2127AAADC800D20627 /* NictionaryTests.swift */ = {isa = PBXFileReference; lastKnownFileType = sourcecode.swift; path = NictionaryTests.swift; sourceTree = "<group>"; };
		89106B2727AAADC800D20627 /* NictionaryUITests.xctest */ = {isa = PBXFileReference; explicitFileType = wrapper.cfbundle; includeInIndex = 0; path = NictionaryUITests.xctest; sourceTree = BUILT_PRODUCTS_DIR; };
		89106B2B27AAADC800D20627 /* NictionaryUITests.swift */ = {isa = PBXFileReference; lastKnownFileType = sourcecode.swift; path = NictionaryUITests.swift; sourceTree = "<group>"; };
		89106B2D27AAADC800D20627 /* NictionaryUITestsLaunchTests.swift */ = {isa = PBXFileReference; lastKnownFileType = sourcecode.swift; path = NictionaryUITestsLaunchTests.swift; sourceTree = "<group>"; };
		89106B3B27AAB09500D20627 /* word_catertoyourkenday.m4a */ = {isa = PBXFileReference; lastKnownFileType = file; path = word_catertoyourkenday.m4a; sourceTree = "<group>"; };
		89106B3C27AAB09500D20627 /* word_chincheck.m4a */ = {isa = PBXFileReference; lastKnownFileType = file; path = word_chincheck.m4a; sourceTree = "<group>"; };
		89106B3D27AAB09500D20627 /* word_barbieboombox.m4a */ = {isa = PBXFileReference; lastKnownFileType = file; path = word_barbieboombox.m4a; sourceTree = "<group>"; };
		89106B3E27AAB09600D20627 /* word_badbitchcheck.m4a */ = {isa = PBXFileReference; lastKnownFileType = file; path = word_badbitchcheck.m4a; sourceTree = "<group>"; };
		89106B3F27AAB09600D20627 /* word_barbiebackhand.m4a */ = {isa = PBXFileReference; lastKnownFileType = file; path = word_barbiebackhand.m4a; sourceTree = "<group>"; };
		89106B4027AAB09600D20627 /* word_balloonboy.m4a */ = {isa = PBXFileReference; lastKnownFileType = file; path = word_balloonboy.m4a; sourceTree = "<group>"; };
		89106B4127AAB09600D20627 /* word_ddandan.m4a */ = {isa = PBXFileReference; lastKnownFileType = file; path = word_ddandan.m4a; sourceTree = "<group>"; };
		89106B4227AAB09600D20627 /* word_firemarshall.m4a */ = {isa = PBXFileReference; lastKnownFileType = file; path = word_firemarshall.m4a; sourceTree = "<group>"; };
		89106B4327AAB09600D20627 /* word_hiimronideutch.m4a */ = {isa = PBXFileReference; lastKnownFileType = file; path = word_hiimronideutch.m4a; sourceTree = "<group>"; };
		89106B4427AAB09600D20627 /* word_dollylama.m4a */ = {isa = PBXFileReference; lastKnownFileType = file; path = word_dollylama.m4a; sourceTree = "<group>"; };
		89106B4527AAB09600D20627 /* word_binafan.m4a */ = {isa = PBXFileReference; lastKnownFileType = file; path = word_binafan.m4a; sourceTree = "<group>"; };
		89106B4627AAB09600D20627 /* word_bff.m4a */ = {isa = PBXFileReference; lastKnownFileType = file; path = word_bff.m4a; sourceTree = "<group>"; };
		89106B4727AAB09600D20627 /* word_gbr.m4a */ = {isa = PBXFileReference; lastKnownFileType = file; path = word_gbr.m4a; sourceTree = "<group>"; };
		89106B4827AAB09600D20627 /* word_getoffmyphone.m4a */ = {isa = PBXFileReference; lastKnownFileType = file; path = word_getoffmyphone.m4a; sourceTree = "<group>"; };
		89106B4927AAB09600D20627 /* word_tumbledry.m4a */ = {isa = PBXFileReference; lastKnownFileType = file; path = word_tumbledry.m4a; sourceTree = "<group>"; };
		89106B4A27AAB09600D20627 /* word_wafflehouse.m4a */ = {isa = PBXFileReference; lastKnownFileType = file; path = word_wafflehouse.m4a; sourceTree = "<group>"; };
		89106B4B27AAB09600D20627 /* word_barbiedetention.m4a */ = {isa = PBXFileReference; lastKnownFileType = file; path = word_barbiedetention.m4a; sourceTree = "<group>"; };
		89106B4C27AAB09600D20627 /* word_strawberryshortcake.m4a */ = {isa = PBXFileReference; lastKnownFileType = file; path = word_strawberryshortcake.m4a; sourceTree = "<group>"; };
		89106B4D27AAB09600D20627 /* word_baldylocks.m4a */ = {isa = PBXFileReference; lastKnownFileType = file; path = word_baldylocks.m4a; sourceTree = "<group>"; };
		89106B4E27AAB09600D20627 /* word_hb.m4a */ = {isa = PBXFileReference; lastKnownFileType = file; path = word_hb.m4a; sourceTree = "<group>"; };
		89106B4F27AAB09700D20627 /* word_fetch.m4a */ = {isa = PBXFileReference; lastKnownFileType = file; path = word_fetch.m4a; sourceTree = "<group>"; };
		89106B5027AAB09700D20627 /* word_stepyourscottyup.m4a */ = {isa = PBXFileReference; lastKnownFileType = file; path = word_stepyourscottyup.m4a; sourceTree = "<group>"; };
		89106B5127AAB09700D20627 /* word_ben.m4a */ = {isa = PBXFileReference; lastKnownFileType = file; path = word_ben.m4a; sourceTree = "<group>"; };
		89106B5227AAB09700D20627 /* word_copyrightin.m4a */ = {isa = PBXFileReference; lastKnownFileType = file; path = word_copyrightin.m4a; sourceTree = "<group>"; };
		89106B5327AAB09700D20627 /* word_barbiepowers.m4a */ = {isa = PBXFileReference; lastKnownFileType = file; path = word_barbiepowers.m4a; sourceTree = "<group>"; };
		89106B5427AAB09700D20627 /* word_gabbagepatchkid.m4a */ = {isa = PBXFileReference; lastKnownFileType = file; path = word_gabbagepatchkid.m4a; sourceTree = "<group>"; };
		89106B5527AAB09700D20627 /* word_muni.m4a */ = {isa = PBXFileReference; lastKnownFileType = file; path = word_muni.m4a; sourceTree = "<group>"; };
		89106B5627AAB09700D20627 /* word_surfboard.m4a */ = {isa = PBXFileReference; lastKnownFileType = file; path = word_surfboard.m4a; sourceTree = "<group>"; };
		89106B5727AAB09700D20627 /* word_vertical.m4a */ = {isa = PBXFileReference; lastKnownFileType = file; path = word_vertical.m4a; sourceTree = "<group>"; };
		89106B5827AAB09700D20627 /* word_dollhouse.m4a */ = {isa = PBXFileReference; lastKnownFileType = file; path = word_dollhouse.m4a; sourceTree = "<group>"; };
		89106B5927AAB09700D20627 /* word_ackorgiddyway.m4a */ = {isa = PBXFileReference; lastKnownFileType = file; name = word_ackorgiddyway.m4a; path = /Users/nicolagigante/Documents/Code/Nictionary/Nictionary/Sounds/word_ackorgiddyway.m4a; sourceTree = "<absolute>"; };
		89106B5A27AAB09700D20627 /* word_rogerdat.m4a */ = {isa = PBXFileReference; lastKnownFileType = file; path = word_rogerdat.m4a; sourceTree = "<group>"; };
		89106B5B27AAB09700D20627 /* word_wigibear.m4a */ = {isa = PBXFileReference; lastKnownFileType = file; path = word_wigibear.m4a; sourceTree = "<group>"; };
		89106B5C27AAB09700D20627 /* word_alfredbitchcock.m4a */ = {isa = PBXFileReference; lastKnownFileType = file; path = word_alfredbitchcock.m4a; sourceTree = "<group>"; };
		89106B5D27AAB09700D20627 /* word_barbiejuice.m4a */ = {isa = PBXFileReference; lastKnownFileType = file; path = word_barbiejuice.m4a; sourceTree = "<group>"; };
		89106B5E27AAB09700D20627 /* word_barbiesfonenumber.m4a */ = {isa = PBXFileReference; lastKnownFileType = file; path = word_barbiesfonenumber.m4a; sourceTree = "<group>"; };
		89106B5F27AAB09700D20627 /* word_basement.m4a */ = {isa = PBXFileReference; lastKnownFileType = file; path = word_basement.m4a; sourceTree = "<group>"; };
		89106B6027AAB09700D20627 /* word_itsbarbiebitch.m4a */ = {isa = PBXFileReference; lastKnownFileType = file; path = word_itsbarbiebitch.m4a; sourceTree = "<group>"; };
		89106B6127AAB09800D20627 /* word_judgejudy.m4a */ = {isa = PBXFileReference; lastKnownFileType = file; path = word_judgejudy.m4a; sourceTree = "<group>"; };
		89106B6227AAB09800D20627 /* word_barbieberry.m4a */ = {isa = PBXFileReference; lastKnownFileType = file; path = word_barbieberry.m4a; sourceTree = "<group>"; };
		89106B6327AAB09800D20627 /* word_frostythesnowman.m4a */ = {isa = PBXFileReference; lastKnownFileType = file; path = word_frostythesnowman.m4a; sourceTree = "<group>"; };
		89106B6427AAB09800D20627 /* word_penthouse.m4a */ = {isa = PBXFileReference; lastKnownFileType = file; path = word_penthouse.m4a; sourceTree = "<group>"; };
		89106B6527AAB09800D20627 /* word_raggedythespy.m4a */ = {isa = PBXFileReference; lastKnownFileType = file; path = word_raggedythespy.m4a; sourceTree = "<group>"; };
		89106B6627AAB09800D20627 /* word_wetwhitewilly.m4a */ = {isa = PBXFileReference; lastKnownFileType = file; path = word_wetwhitewilly.m4a; sourceTree = "<group>"; };
		89106B6727AAB09800D20627 /* word_goose.m4a */ = {isa = PBXFileReference; lastKnownFileType = file; path = word_goose.m4a; sourceTree = "<group>"; };
		89106B9527AAB41C00D20627 /* nicitionary.json */ = {isa = PBXFileReference; fileEncoding = 4; lastKnownFileType = text.json; path = nicitionary.json; sourceTree = "<group>"; };
		89106B9827AAB45900D20627 /* Word.swift */ = {isa = PBXFileReference; lastKnownFileType = sourcecode.swift; path = Word.swift; sourceTree = "<group>"; };
		89106B9A27AAE02800D20627 /* ModelData.swift */ = {isa = PBXFileReference; lastKnownFileType = sourcecode.swift; path = ModelData.swift; sourceTree = "<group>"; };
		89106B9C27AAE3EA00D20627 /* CardView.swift */ = {isa = PBXFileReference; lastKnownFileType = sourcecode.swift; path = CardView.swift; sourceTree = "<group>"; };
		89106B9E27AAE81100D20627 /* card_front_background.png */ = {isa = PBXFileReference; lastKnownFileType = image.png; path = card_front_background.png; sourceTree = "<group>"; };
		89106BA627AB022600D20627 /* Info.plist */ = {isa = PBXFileReference; lastKnownFileType = text.plist; path = Info.plist; sourceTree = "<group>"; };
		89106BA727AB02B700D20627 /* cardpile.png */ = {isa = PBXFileReference; lastKnownFileType = image.png; path = cardpile.png; sourceTree = "<group>"; };
		8954543827B80B5C00337E6B /* SearchCard.swift */ = {isa = PBXFileReference; lastKnownFileType = sourcecode.swift; path = SearchCard.swift; sourceTree = "<group>"; };
		899C912F27AC77F7001772AF /* TabView.swift */ = {isa = PBXFileReference; lastKnownFileType = sourcecode.swift; path = TabView.swift; sourceTree = "<group>"; };
		899C913627AC8146001772AF /* TabButton.swift */ = {isa = PBXFileReference; lastKnownFileType = sourcecode.swift; path = TabButton.swift; sourceTree = "<group>"; };
		89CF9B2E27B459C100EC3B1F /* SearchView.swift */ = {isa = PBXFileReference; lastKnownFileType = sourcecode.swift; path = SearchView.swift; sourceTree = "<group>"; };
/* End PBXFileReference section */

/* Begin PBXFrameworksBuildPhase section */
		89106B0A27AAADC500D20627 /* Frameworks */ = {
			isa = PBXFrameworksBuildPhase;
			buildActionMask = 2147483647;
			files = (
				89CF9B3527B4618700EC3B1F /* PureSwiftUITools in Frameworks */,
				899C913527AC808F001772AF /* OrderedCollections in Frameworks */,
				89CF9B3227B4616200EC3B1F /* PureSwiftUI in Frameworks */,
				899C913327AC808F001772AF /* Collections in Frameworks */,
			);
			runOnlyForDeploymentPostprocessing = 0;
		};
		89106B1A27AAADC800D20627 /* Frameworks */ = {
			isa = PBXFrameworksBuildPhase;
			buildActionMask = 2147483647;
			files = (
			);
			runOnlyForDeploymentPostprocessing = 0;
		};
		89106B2427AAADC800D20627 /* Frameworks */ = {
			isa = PBXFrameworksBuildPhase;
			buildActionMask = 2147483647;
			files = (
			);
			runOnlyForDeploymentPostprocessing = 0;
		};
/* End PBXFrameworksBuildPhase section */

/* Begin PBXGroup section */
		89106B0427AAADC500D20627 = {
			isa = PBXGroup;
			children = (
				899C912F27AC77F7001772AF /* TabView.swift */,
				899C913627AC8146001772AF /* TabButton.swift */,
				89106B0F27AAADC500D20627 /* Nictionary */,
				89106B2027AAADC800D20627 /* NictionaryTests */,
				89106B2A27AAADC800D20627 /* NictionaryUITests */,
				89106B0E27AAADC500D20627 /* Products */,
			);
			sourceTree = "<group>";
		};
		89106B0E27AAADC500D20627 /* Products */ = {
			isa = PBXGroup;
			children = (
				89106B0D27AAADC500D20627 /* Nictionary.app */,
				89106B1D27AAADC800D20627 /* NictionaryTests.xctest */,
				89106B2727AAADC800D20627 /* NictionaryUITests.xctest */,
			);
			name = Products;
			sourceTree = "<group>";
		};
		89106B0F27AAADC500D20627 /* Nictionary */ = {
			isa = PBXGroup;
			children = (
				89106BA627AB022600D20627 /* Info.plist */,
				89106B9727AAB44400D20627 /* Model */,
				89106B1027AAADC500D20627 /* NictionaryApp.swift */,
				89106B1227AAADC500D20627 /* ContentView.swift */,
				890AD86427C551F000DD6E3A /* RandomCardView.swift */,
				89106B9C27AAE3EA00D20627 /* CardView.swift */,
				89106B9527AAB41C00D20627 /* nicitionary.json */,
				89106B1427AAADC800D20627 /* Assets.xcassets */,
				89106BA727AB02B700D20627 /* cardpile.png */,
				89106B9E27AAE81100D20627 /* card_front_background.png */,
				89106B3A27AAB01F00D20627 /* Sounds */,
				89106B1627AAADC800D20627 /* Preview Content */,
				89CF9B2E27B459C100EC3B1F /* SearchView.swift */,
				8954543827B80B5C00337E6B /* SearchCard.swift */,
				890AD86227C5512000DD6E3A /* CommonViews.swift */,
			);
			path = Nictionary;
			sourceTree = "<group>";
		};
		89106B1627AAADC800D20627 /* Preview Content */ = {
			isa = PBXGroup;
			children = (
				89106B1727AAADC800D20627 /* Preview Assets.xcassets */,
			);
			path = "Preview Content";
			sourceTree = "<group>";
		};
		89106B2027AAADC800D20627 /* NictionaryTests */ = {
			isa = PBXGroup;
			children = (
				89106B2127AAADC800D20627 /* NictionaryTests.swift */,
			);
			path = NictionaryTests;
			sourceTree = "<group>";
		};
		89106B2A27AAADC800D20627 /* NictionaryUITests */ = {
			isa = PBXGroup;
			children = (
				89106B2B27AAADC800D20627 /* NictionaryUITests.swift */,
				89106B2D27AAADC800D20627 /* NictionaryUITestsLaunchTests.swift */,
			);
			path = NictionaryUITests;
			sourceTree = "<group>";
		};
		89106B3A27AAB01F00D20627 /* Sounds */ = {
			isa = PBXGroup;
			children = (
				89106B5927AAB09700D20627 /* word_ackorgiddyway.m4a */,
				89106B5C27AAB09700D20627 /* word_alfredbitchcock.m4a */,
				89106B3E27AAB09600D20627 /* word_badbitchcheck.m4a */,
				89106B4D27AAB09600D20627 /* word_baldylocks.m4a */,
				89106B4027AAB09600D20627 /* word_balloonboy.m4a */,
				89106B3F27AAB09600D20627 /* word_barbiebackhand.m4a */,
				89106B6227AAB09800D20627 /* word_barbieberry.m4a */,
				89106B3D27AAB09500D20627 /* word_barbieboombox.m4a */,
				89106B4B27AAB09600D20627 /* word_barbiedetention.m4a */,
				89106B5D27AAB09700D20627 /* word_barbiejuice.m4a */,
				89106B5327AAB09700D20627 /* word_barbiepowers.m4a */,
				89106B5E27AAB09700D20627 /* word_barbiesfonenumber.m4a */,
				89106B5F27AAB09700D20627 /* word_basement.m4a */,
				89106B5127AAB09700D20627 /* word_ben.m4a */,
				89106B4627AAB09600D20627 /* word_bff.m4a */,
				89106B4527AAB09600D20627 /* word_binafan.m4a */,
				89106B3B27AAB09500D20627 /* word_catertoyourkenday.m4a */,
				89106B3C27AAB09500D20627 /* word_chincheck.m4a */,
				89106B5227AAB09700D20627 /* word_copyrightin.m4a */,
				89106B4127AAB09600D20627 /* word_ddandan.m4a */,
				89106B5827AAB09700D20627 /* word_dollhouse.m4a */,
				89106B4427AAB09600D20627 /* word_dollylama.m4a */,
				89106B4F27AAB09700D20627 /* word_fetch.m4a */,
				89106B4227AAB09600D20627 /* word_firemarshall.m4a */,
				89106B6327AAB09800D20627 /* word_frostythesnowman.m4a */,
				89106B5427AAB09700D20627 /* word_gabbagepatchkid.m4a */,
				89106B4727AAB09600D20627 /* word_gbr.m4a */,
				89106B4827AAB09600D20627 /* word_getoffmyphone.m4a */,
				89106B6727AAB09800D20627 /* word_goose.m4a */,
				89106B4E27AAB09600D20627 /* word_hb.m4a */,
				89106B4327AAB09600D20627 /* word_hiimronideutch.m4a */,
				89106B6027AAB09700D20627 /* word_itsbarbiebitch.m4a */,
				89106B6127AAB09800D20627 /* word_judgejudy.m4a */,
				89106B5527AAB09700D20627 /* word_muni.m4a */,
				89106B6427AAB09800D20627 /* word_penthouse.m4a */,
				89106B6527AAB09800D20627 /* word_raggedythespy.m4a */,
				89106B5A27AAB09700D20627 /* word_rogerdat.m4a */,
				89106B5027AAB09700D20627 /* word_stepyourscottyup.m4a */,
				89106B4C27AAB09600D20627 /* word_strawberryshortcake.m4a */,
				89106B5627AAB09700D20627 /* word_surfboard.m4a */,
				89106B4927AAB09600D20627 /* word_tumbledry.m4a */,
				89106B5727AAB09700D20627 /* word_vertical.m4a */,
				89106B4A27AAB09600D20627 /* word_wafflehouse.m4a */,
				89106B6627AAB09800D20627 /* word_wetwhitewilly.m4a */,
				89106B5B27AAB09700D20627 /* word_wigibear.m4a */,
			);
			path = Sounds;
			sourceTree = "<group>";
		};
		89106B9727AAB44400D20627 /* Model */ = {
			isa = PBXGroup;
			children = (
				89106B9827AAB45900D20627 /* Word.swift */,
				89106B9A27AAE02800D20627 /* ModelData.swift */,
			);
			path = Model;
			sourceTree = "<group>";
		};
/* End PBXGroup section */

/* Begin PBXNativeTarget section */
		89106B0C27AAADC500D20627 /* Nictionary */ = {
			isa = PBXNativeTarget;
			buildConfigurationList = 89106B3127AAADC800D20627 /* Build configuration list for PBXNativeTarget "Nictionary" */;
			buildPhases = (
				89106B0927AAADC500D20627 /* Sources */,
				89106B0A27AAADC500D20627 /* Frameworks */,
				89106B0B27AAADC500D20627 /* Resources */,
			);
			buildRules = (
			);
			dependencies = (
			);
			name = Nictionary;
			packageProductDependencies = (
				899C913227AC808F001772AF /* Collections */,
				899C913427AC808F001772AF /* OrderedCollections */,
				89CF9B3127B4616200EC3B1F /* PureSwiftUI */,
				89CF9B3427B4618700EC3B1F /* PureSwiftUITools */,
			);
			productName = Nictionary;
			productReference = 89106B0D27AAADC500D20627 /* Nictionary.app */;
			productType = "com.apple.product-type.application";
		};
		89106B1C27AAADC800D20627 /* NictionaryTests */ = {
			isa = PBXNativeTarget;
			buildConfigurationList = 89106B3427AAADC800D20627 /* Build configuration list for PBXNativeTarget "NictionaryTests" */;
			buildPhases = (
				89106B1927AAADC800D20627 /* Sources */,
				89106B1A27AAADC800D20627 /* Frameworks */,
				89106B1B27AAADC800D20627 /* Resources */,
			);
			buildRules = (
			);
			dependencies = (
				89106B1F27AAADC800D20627 /* PBXTargetDependency */,
			);
			name = NictionaryTests;
			productName = NictionaryTests;
			productReference = 89106B1D27AAADC800D20627 /* NictionaryTests.xctest */;
			productType = "com.apple.product-type.bundle.unit-test";
		};
		89106B2627AAADC800D20627 /* NictionaryUITests */ = {
			isa = PBXNativeTarget;
			buildConfigurationList = 89106B3727AAADC800D20627 /* Build configuration list for PBXNativeTarget "NictionaryUITests" */;
			buildPhases = (
				89106B2327AAADC800D20627 /* Sources */,
				89106B2427AAADC800D20627 /* Frameworks */,
				89106B2527AAADC800D20627 /* Resources */,
			);
			buildRules = (
			);
			dependencies = (
				89106B2927AAADC800D20627 /* PBXTargetDependency */,
			);
			name = NictionaryUITests;
			productName = NictionaryUITests;
			productReference = 89106B2727AAADC800D20627 /* NictionaryUITests.xctest */;
			productType = "com.apple.product-type.bundle.ui-testing";
		};
/* End PBXNativeTarget section */

/* Begin PBXProject section */
		89106B0527AAADC500D20627 /* Project object */ = {
			isa = PBXProject;
			attributes = {
				BuildIndependentTargetsInParallel = 1;
				LastSwiftUpdateCheck = 1330;
				LastUpgradeCheck = 1330;
				TargetAttributes = {
					89106B0C27AAADC500D20627 = {
						CreatedOnToolsVersion = 13.3;
					};
					89106B1C27AAADC800D20627 = {
						CreatedOnToolsVersion = 13.3;
						TestTargetID = 89106B0C27AAADC500D20627;
					};
					89106B2627AAADC800D20627 = {
						CreatedOnToolsVersion = 13.3;
						TestTargetID = 89106B0C27AAADC500D20627;
					};
				};
			};
			buildConfigurationList = 89106B0827AAADC500D20627 /* Build configuration list for PBXProject "Nictionary" */;
			compatibilityVersion = "Xcode 13.0";
			developmentRegion = en;
			hasScannedForEncodings = 0;
			knownRegions = (
				en,
				Base,
			);
			mainGroup = 89106B0427AAADC500D20627;
			packageReferences = (
				899C913127AC808F001772AF /* XCRemoteSwiftPackageReference "swift-collections" */,
				89CF9B3027B4616200EC3B1F /* XCRemoteSwiftPackageReference "pure-swift-ui" */,
				89CF9B3327B4618700EC3B1F /* XCRemoteSwiftPackageReference "pure-swift-ui-tools" */,
			);
			productRefGroup = 89106B0E27AAADC500D20627 /* Products */;
			projectDirPath = "";
			projectRoot = "";
			targets = (
				89106B0C27AAADC500D20627 /* Nictionary */,
				89106B1C27AAADC800D20627 /* NictionaryTests */,
				89106B2627AAADC800D20627 /* NictionaryUITests */,
			);
		};
/* End PBXProject section */

/* Begin PBXResourcesBuildPhase section */
		89106B0B27AAADC500D20627 /* Resources */ = {
			isa = PBXResourcesBuildPhase;
			buildActionMask = 2147483647;
			files = (
				89106B7E27AAB09800D20627 /* word_ben.m4a in Resources */,
				89106B9627AAB41C00D20627 /* nicitionary.json in Resources */,
				89106B9227AAB09800D20627 /* word_raggedythespy.m4a in Resources */,
				89106B6B27AAB09800D20627 /* word_badbitchcheck.m4a in Resources */,
				89106B6A27AAB09800D20627 /* word_barbieboombox.m4a in Resources */,
				89106B7227AAB09800D20627 /* word_binafan.m4a in Resources */,
				89106B8E27AAB09800D20627 /* word_judgejudy.m4a in Resources */,
				89106BA827AB02B700D20627 /* cardpile.png in Resources */,
				89106B9427AAB09800D20627 /* word_goose.m4a in Resources */,
				89106B8C27AAB09800D20627 /* word_basement.m4a in Resources */,
				89106B7327AAB09800D20627 /* word_bff.m4a in Resources */,
				89106B9F27AAE81100D20627 /* card_front_background.png in Resources */,
				89106B7727AAB09800D20627 /* word_wafflehouse.m4a in Resources */,
				89106B1827AAADC800D20627 /* Preview Assets.xcassets in Resources */,
				89106B6E27AAB09800D20627 /* word_ddandan.m4a in Resources */,
				89106B7827AAB09800D20627 /* word_barbiedetention.m4a in Resources */,
				89106B8327AAB09800D20627 /* word_surfboard.m4a in Resources */,
				89106B7F27AAB09800D20627 /* word_copyrightin.m4a in Resources */,
				89106B7B27AAB09800D20627 /* word_hb.m4a in Resources */,
				89106B8727AAB09800D20627 /* word_rogerdat.m4a in Resources */,
				89106B8827AAB09800D20627 /* word_wigibear.m4a in Resources */,
				89106B8527AAB09800D20627 /* word_dollhouse.m4a in Resources */,
				89106B8927AAB09800D20627 /* word_alfredbitchcock.m4a in Resources */,
				89106B7127AAB09800D20627 /* word_dollylama.m4a in Resources */,
				89106B6927AAB09800D20627 /* word_chincheck.m4a in Resources */,
				89106B9127AAB09800D20627 /* word_penthouse.m4a in Resources */,
				89106B6827AAB09800D20627 /* word_catertoyourkenday.m4a in Resources */,
				89106B7027AAB09800D20627 /* word_hiimronideutch.m4a in Resources */,
				89106B7627AAB09800D20627 /* word_tumbledry.m4a in Resources */,
				89106B7427AAB09800D20627 /* word_gbr.m4a in Resources */,
				89106B6C27AAB09800D20627 /* word_barbiebackhand.m4a in Resources */,
				89106B7527AAB09800D20627 /* word_getoffmyphone.m4a in Resources */,
				89106B8F27AAB09800D20627 /* word_barbieberry.m4a in Resources */,
				89106B8D27AAB09800D20627 /* word_itsbarbiebitch.m4a in Resources */,
				89106B7927AAB09800D20627 /* word_strawberryshortcake.m4a in Resources */,
				89106B8127AAB09800D20627 /* word_gabbagepatchkid.m4a in Resources */,
				89106B7D27AAB09800D20627 /* word_stepyourscottyup.m4a in Resources */,
				89106B7A27AAB09800D20627 /* word_baldylocks.m4a in Resources */,
				89106B8B27AAB09800D20627 /* word_barbiesfonenumber.m4a in Resources */,
				89106B8A27AAB09800D20627 /* word_barbiejuice.m4a in Resources */,
				89106B8627AAB09800D20627 /* word_ackorgiddyway.m4a in Resources */,
				89106B7C27AAB09800D20627 /* word_fetch.m4a in Resources */,
				89106B8427AAB09800D20627 /* word_vertical.m4a in Resources */,
				89106B9327AAB09800D20627 /* word_wetwhitewilly.m4a in Resources */,
				89106B1527AAADC800D20627 /* Assets.xcassets in Resources */,
				89106B6F27AAB09800D20627 /* word_firemarshall.m4a in Resources */,
				89106B6D27AAB09800D20627 /* word_balloonboy.m4a in Resources */,
				89106B9027AAB09800D20627 /* word_frostythesnowman.m4a in Resources */,
				89106B8027AAB09800D20627 /* word_barbiepowers.m4a in Resources */,
				89106B8227AAB09800D20627 /* word_muni.m4a in Resources */,
			);
			runOnlyForDeploymentPostprocessing = 0;
		};
		89106B1B27AAADC800D20627 /* Resources */ = {
			isa = PBXResourcesBuildPhase;
			buildActionMask = 2147483647;
			files = (
			);
			runOnlyForDeploymentPostprocessing = 0;
		};
		89106B2527AAADC800D20627 /* Resources */ = {
			isa = PBXResourcesBuildPhase;
			buildActionMask = 2147483647;
			files = (
			);
			runOnlyForDeploymentPostprocessing = 0;
		};
/* End PBXResourcesBuildPhase section */

/* Begin PBXSourcesBuildPhase section */
		89106B0927AAADC500D20627 /* Sources */ = {
			isa = PBXSourcesBuildPhase;
			buildActionMask = 2147483647;
			files = (
				89106B1327AAADC500D20627 /* ContentView.swift in Sources */,
				890AD86327C5512000DD6E3A /* CommonViews.swift in Sources */,
				8954543927B80B5C00337E6B /* SearchCard.swift in Sources */,
				89CF9B2F27B459C100EC3B1F /* SearchView.swift in Sources */,
				89106B9B27AAE02800D20627 /* ModelData.swift in Sources */,
				89106B1127AAADC500D20627 /* NictionaryApp.swift in Sources */,
				899C913027AC77F7001772AF /* TabView.swift in Sources */,
				899C913727AC8146001772AF /* TabButton.swift in Sources */,
				890AD86527C551F000DD6E3A /* RandomCardView.swift in Sources */,
				89106B9927AAB45900D20627 /* Word.swift in Sources */,
				89106B9D27AAE3EA00D20627 /* CardView.swift in Sources */,
			);
			runOnlyForDeploymentPostprocessing = 0;
		};
		89106B1927AAADC800D20627 /* Sources */ = {
			isa = PBXSourcesBuildPhase;
			buildActionMask = 2147483647;
			files = (
				89106B2227AAADC800D20627 /* NictionaryTests.swift in Sources */,
			);
			runOnlyForDeploymentPostprocessing = 0;
		};
		89106B2327AAADC800D20627 /* Sources */ = {
			isa = PBXSourcesBuildPhase;
			buildActionMask = 2147483647;
			files = (
				89106B2E27AAADC800D20627 /* NictionaryUITestsLaunchTests.swift in Sources */,
				89106B2C27AAADC800D20627 /* NictionaryUITests.swift in Sources */,
			);
			runOnlyForDeploymentPostprocessing = 0;
		};
/* End PBXSourcesBuildPhase section */

/* Begin PBXTargetDependency section */
		89106B1F27AAADC800D20627 /* PBXTargetDependency */ = {
			isa = PBXTargetDependency;
			target = 89106B0C27AAADC500D20627 /* Nictionary */;
			targetProxy = 89106B1E27AAADC800D20627 /* PBXContainerItemProxy */;
		};
		89106B2927AAADC800D20627 /* PBXTargetDependency */ = {
			isa = PBXTargetDependency;
			target = 89106B0C27AAADC500D20627 /* Nictionary */;
			targetProxy = 89106B2827AAADC800D20627 /* PBXContainerItemProxy */;
		};
/* End PBXTargetDependency section */

/* Begin XCBuildConfiguration section */
		89106B2F27AAADC800D20627 /* Debug */ = {
			isa = XCBuildConfiguration;
			buildSettings = {
				ALWAYS_SEARCH_USER_PATHS = NO;
				CLANG_ANALYZER_NONNULL = YES;
				CLANG_ANALYZER_NUMBER_OBJECT_CONVERSION = YES_AGGRESSIVE;
				CLANG_CXX_LANGUAGE_STANDARD = "gnu++17";
				CLANG_ENABLE_MODULES = YES;
				CLANG_ENABLE_OBJC_ARC = YES;
				CLANG_ENABLE_OBJC_WEAK = YES;
				CLANG_WARN_BLOCK_CAPTURE_AUTORELEASING = YES;
				CLANG_WARN_BOOL_CONVERSION = YES;
				CLANG_WARN_COMMA = YES;
				CLANG_WARN_CONSTANT_CONVERSION = YES;
				CLANG_WARN_DEPRECATED_OBJC_IMPLEMENTATIONS = YES;
				CLANG_WARN_DIRECT_OBJC_ISA_USAGE = YES_ERROR;
				CLANG_WARN_DOCUMENTATION_COMMENTS = YES;
				CLANG_WARN_EMPTY_BODY = YES;
				CLANG_WARN_ENUM_CONVERSION = YES;
				CLANG_WARN_INFINITE_RECURSION = YES;
				CLANG_WARN_INT_CONVERSION = YES;
				CLANG_WARN_NON_LITERAL_NULL_CONVERSION = YES;
				CLANG_WARN_OBJC_IMPLICIT_RETAIN_SELF = YES;
				CLANG_WARN_OBJC_LITERAL_CONVERSION = YES;
				CLANG_WARN_OBJC_ROOT_CLASS = YES_ERROR;
				CLANG_WARN_QUOTED_INCLUDE_IN_FRAMEWORK_HEADER = YES;
				CLANG_WARN_RANGE_LOOP_ANALYSIS = YES;
				CLANG_WARN_STRICT_PROTOTYPES = YES;
				CLANG_WARN_SUSPICIOUS_MOVE = YES;
				CLANG_WARN_UNGUARDED_AVAILABILITY = YES_AGGRESSIVE;
				CLANG_WARN_UNREACHABLE_CODE = YES;
				CLANG_WARN__DUPLICATE_METHOD_MATCH = YES;
				COPY_PHASE_STRIP = NO;
				DEBUG_INFORMATION_FORMAT = dwarf;
				ENABLE_STRICT_OBJC_MSGSEND = YES;
				ENABLE_TESTABILITY = YES;
				GCC_C_LANGUAGE_STANDARD = gnu11;
				GCC_DYNAMIC_NO_PIC = NO;
				GCC_NO_COMMON_BLOCKS = YES;
				GCC_OPTIMIZATION_LEVEL = 0;
				GCC_PREPROCESSOR_DEFINITIONS = (
					"DEBUG=1",
					"$(inherited)",
				);
				GCC_WARN_64_TO_32_BIT_CONVERSION = YES;
				GCC_WARN_ABOUT_RETURN_TYPE = YES_ERROR;
				GCC_WARN_UNDECLARED_SELECTOR = YES;
				GCC_WARN_UNINITIALIZED_AUTOS = YES_AGGRESSIVE;
				GCC_WARN_UNUSED_FUNCTION = YES;
				GCC_WARN_UNUSED_VARIABLE = YES;
				IPHONEOS_DEPLOYMENT_TARGET = 15.4;
				MTL_ENABLE_DEBUG_INFO = INCLUDE_SOURCE;
				MTL_FAST_MATH = YES;
				ONLY_ACTIVE_ARCH = YES;
				SDKROOT = iphoneos;
				SWIFT_ACTIVE_COMPILATION_CONDITIONS = DEBUG;
				SWIFT_OPTIMIZATION_LEVEL = "-Onone";
			};
			name = Debug;
		};
		89106B3027AAADC800D20627 /* Release */ = {
			isa = XCBuildConfiguration;
			buildSettings = {
				ALWAYS_SEARCH_USER_PATHS = NO;
				CLANG_ANALYZER_NONNULL = YES;
				CLANG_ANALYZER_NUMBER_OBJECT_CONVERSION = YES_AGGRESSIVE;
				CLANG_CXX_LANGUAGE_STANDARD = "gnu++17";
				CLANG_ENABLE_MODULES = YES;
				CLANG_ENABLE_OBJC_ARC = YES;
				CLANG_ENABLE_OBJC_WEAK = YES;
				CLANG_WARN_BLOCK_CAPTURE_AUTORELEASING = YES;
				CLANG_WARN_BOOL_CONVERSION = YES;
				CLANG_WARN_COMMA = YES;
				CLANG_WARN_CONSTANT_CONVERSION = YES;
				CLANG_WARN_DEPRECATED_OBJC_IMPLEMENTATIONS = YES;
				CLANG_WARN_DIRECT_OBJC_ISA_USAGE = YES_ERROR;
				CLANG_WARN_DOCUMENTATION_COMMENTS = YES;
				CLANG_WARN_EMPTY_BODY = YES;
				CLANG_WARN_ENUM_CONVERSION = YES;
				CLANG_WARN_INFINITE_RECURSION = YES;
				CLANG_WARN_INT_CONVERSION = YES;
				CLANG_WARN_NON_LITERAL_NULL_CONVERSION = YES;
				CLANG_WARN_OBJC_IMPLICIT_RETAIN_SELF = YES;
				CLANG_WARN_OBJC_LITERAL_CONVERSION = YES;
				CLANG_WARN_OBJC_ROOT_CLASS = YES_ERROR;
				CLANG_WARN_QUOTED_INCLUDE_IN_FRAMEWORK_HEADER = YES;
				CLANG_WARN_RANGE_LOOP_ANALYSIS = YES;
				CLANG_WARN_STRICT_PROTOTYPES = YES;
				CLANG_WARN_SUSPICIOUS_MOVE = YES;
				CLANG_WARN_UNGUARDED_AVAILABILITY = YES_AGGRESSIVE;
				CLANG_WARN_UNREACHABLE_CODE = YES;
				CLANG_WARN__DUPLICATE_METHOD_MATCH = YES;
				COPY_PHASE_STRIP = NO;
				DEBUG_INFORMATION_FORMAT = "dwarf-with-dsym";
				ENABLE_NS_ASSERTIONS = NO;
				ENABLE_STRICT_OBJC_MSGSEND = YES;
				GCC_C_LANGUAGE_STANDARD = gnu11;
				GCC_NO_COMMON_BLOCKS = YES;
				GCC_WARN_64_TO_32_BIT_CONVERSION = YES;
				GCC_WARN_ABOUT_RETURN_TYPE = YES_ERROR;
				GCC_WARN_UNDECLARED_SELECTOR = YES;
				GCC_WARN_UNINITIALIZED_AUTOS = YES_AGGRESSIVE;
				GCC_WARN_UNUSED_FUNCTION = YES;
				GCC_WARN_UNUSED_VARIABLE = YES;
				IPHONEOS_DEPLOYMENT_TARGET = 15.4;
				MTL_ENABLE_DEBUG_INFO = NO;
				MTL_FAST_MATH = YES;
				SDKROOT = iphoneos;
				SWIFT_COMPILATION_MODE = wholemodule;
				SWIFT_OPTIMIZATION_LEVEL = "-O";
				VALIDATE_PRODUCT = YES;
			};
			name = Release;
		};
		89106B3227AAADC800D20627 /* Debug */ = {
			isa = XCBuildConfiguration;
			buildSettings = {
				ASSETCATALOG_COMPILER_APPICON_NAME = AppIcon;
				ASSETCATALOG_COMPILER_GLOBAL_ACCENT_COLOR_NAME = AccentColor;
				CODE_SIGN_STYLE = Automatic;
				CURRENT_PROJECT_VERSION = 30;
				DEVELOPMENT_ASSET_PATHS = "\"Nictionary/Preview Content\"";
				DEVELOPMENT_TEAM = PBT2VEX3CE;
				ENABLE_PREVIEWS = YES;
				GENERATE_INFOPLIST_FILE = YES;
				INFOPLIST_FILE = Nictionary/Info.plist;
				INFOPLIST_KEY_CFBundleDisplayName = Nictionary;
				INFOPLIST_KEY_UIApplicationSceneManifest_Generation = YES;
				INFOPLIST_KEY_UIApplicationSupportsIndirectInputEvents = YES;
				INFOPLIST_KEY_UILaunchScreen_Generation = YES;
				INFOPLIST_KEY_UISupportedInterfaceOrientations = UIInterfaceOrientationPortrait;
				INFOPLIST_KEY_UISupportedInterfaceOrientations_iPad = "UIInterfaceOrientationPortrait UIInterfaceOrientationPortraitUpsideDown UIInterfaceOrientationLandscapeLeft UIInterfaceOrientationLandscapeRight";
				INFOPLIST_KEY_UISupportedInterfaceOrientations_iPhone = UIInterfaceOrientationPortrait;
				IPHONEOS_DEPLOYMENT_TARGET = 14.0;
				LD_RUNPATH_SEARCH_PATHS = (
					"$(inherited)",
					"@executable_path/Frameworks",
				);
				MARKETING_VERSION = 1.2;
				PRODUCT_BUNDLE_IDENTIFIER = com.nicolagigante.Nictionary;
				PRODUCT_NAME = "$(TARGET_NAME)";
				SWIFT_EMIT_LOC_STRINGS = YES;
				SWIFT_VERSION = 5.0;
				TARGETED_DEVICE_FAMILY = 1;
			};
			name = Debug;
		};
		89106B3327AAADC800D20627 /* Release */ = {
			isa = XCBuildConfiguration;
			buildSettings = {
				ASSETCATALOG_COMPILER_APPICON_NAME = AppIcon;
				ASSETCATALOG_COMPILER_GLOBAL_ACCENT_COLOR_NAME = AccentColor;
				CODE_SIGN_STYLE = Automatic;
				CURRENT_PROJECT_VERSION = 30;
				DEVELOPMENT_ASSET_PATHS = "\"Nictionary/Preview Content\"";
				DEVELOPMENT_TEAM = PBT2VEX3CE;
				ENABLE_PREVIEWS = YES;
				GENERATE_INFOPLIST_FILE = YES;
				INFOPLIST_FILE = Nictionary/Info.plist;
				INFOPLIST_KEY_CFBundleDisplayName = Nictionary;
				INFOPLIST_KEY_UIApplicationSceneManifest_Generation = YES;
				INFOPLIST_KEY_UIApplicationSupportsIndirectInputEvents = YES;
				INFOPLIST_KEY_UILaunchScreen_Generation = YES;
				INFOPLIST_KEY_UISupportedInterfaceOrientations = UIInterfaceOrientationPortrait;
				INFOPLIST_KEY_UISupportedInterfaceOrientations_iPad = "UIInterfaceOrientationPortrait UIInterfaceOrientationPortraitUpsideDown UIInterfaceOrientationLandscapeLeft UIInterfaceOrientationLandscapeRight";
				INFOPLIST_KEY_UISupportedInterfaceOrientations_iPhone = UIInterfaceOrientationPortrait;
				IPHONEOS_DEPLOYMENT_TARGET = 14.0;
				LD_RUNPATH_SEARCH_PATHS = (
					"$(inherited)",
					"@executable_path/Frameworks",
				);
				MARKETING_VERSION = 1.2;
				PRODUCT_BUNDLE_IDENTIFIER = com.nicolagigante.Nictionary;
				PRODUCT_NAME = "$(TARGET_NAME)";
				SWIFT_EMIT_LOC_STRINGS = YES;
				SWIFT_VERSION = 5.0;
				TARGETED_DEVICE_FAMILY = 1;
			};
			name = Release;
		};
		89106B3527AAADC800D20627 /* Debug */ = {
			isa = XCBuildConfiguration;
			buildSettings = {
				ALWAYS_EMBED_SWIFT_STANDARD_LIBRARIES = YES;
				BUNDLE_LOADER = "$(TEST_HOST)";
				CODE_SIGN_STYLE = Automatic;
				CURRENT_PROJECT_VERSION = 1;
				DEVELOPMENT_TEAM = PBT2VEX3CE;
				GENERATE_INFOPLIST_FILE = YES;
				IPHONEOS_DEPLOYMENT_TARGET = 15.4;
				MARKETING_VERSION = 1.0;
				PRODUCT_BUNDLE_IDENTIFIER = com.nicolagigante.NictionaryTests;
				PRODUCT_NAME = "$(TARGET_NAME)";
				SWIFT_EMIT_LOC_STRINGS = NO;
				SWIFT_VERSION = 5.0;
				TARGETED_DEVICE_FAMILY = "1,2";
				TEST_HOST = "$(BUILT_PRODUCTS_DIR)/Nictionary.app/Nictionary";
			};
			name = Debug;
		};
		89106B3627AAADC800D20627 /* Release */ = {
			isa = XCBuildConfiguration;
			buildSettings = {
				ALWAYS_EMBED_SWIFT_STANDARD_LIBRARIES = YES;
				BUNDLE_LOADER = "$(TEST_HOST)";
				CODE_SIGN_STYLE = Automatic;
				CURRENT_PROJECT_VERSION = 1;
				DEVELOPMENT_TEAM = PBT2VEX3CE;
				GENERATE_INFOPLIST_FILE = YES;
				IPHONEOS_DEPLOYMENT_TARGET = 15.4;
				MARKETING_VERSION = 1.0;
				PRODUCT_BUNDLE_IDENTIFIER = com.nicolagigante.NictionaryTests;
				PRODUCT_NAME = "$(TARGET_NAME)";
				SWIFT_EMIT_LOC_STRINGS = NO;
				SWIFT_VERSION = 5.0;
				TARGETED_DEVICE_FAMILY = "1,2";
				TEST_HOST = "$(BUILT_PRODUCTS_DIR)/Nictionary.app/Nictionary";
			};
			name = Release;
		};
		89106B3827AAADC800D20627 /* Debug */ = {
			isa = XCBuildConfiguration;
			buildSettings = {
				ALWAYS_EMBED_SWIFT_STANDARD_LIBRARIES = YES;
				CODE_SIGN_STYLE = Automatic;
				CURRENT_PROJECT_VERSION = 1;
				DEVELOPMENT_TEAM = PBT2VEX3CE;
				GENERATE_INFOPLIST_FILE = YES;
				MARKETING_VERSION = 1.0;
				PRODUCT_BUNDLE_IDENTIFIER = com.nicolagigante.NictionaryUITests;
				PRODUCT_NAME = "$(TARGET_NAME)";
				SWIFT_EMIT_LOC_STRINGS = NO;
				SWIFT_VERSION = 5.0;
				TARGETED_DEVICE_FAMILY = "1,2";
				TEST_TARGET_NAME = Nictionary;
			};
			name = Debug;
		};
		89106B3927AAADC800D20627 /* Release */ = {
			isa = XCBuildConfiguration;
			buildSettings = {
				ALWAYS_EMBED_SWIFT_STANDARD_LIBRARIES = YES;
				CODE_SIGN_STYLE = Automatic;
				CURRENT_PROJECT_VERSION = 1;
				DEVELOPMENT_TEAM = PBT2VEX3CE;
				GENERATE_INFOPLIST_FILE = YES;
				MARKETING_VERSION = 1.0;
				PRODUCT_BUNDLE_IDENTIFIER = com.nicolagigante.NictionaryUITests;
				PRODUCT_NAME = "$(TARGET_NAME)";
				SWIFT_EMIT_LOC_STRINGS = NO;
				SWIFT_VERSION = 5.0;
				TARGETED_DEVICE_FAMILY = "1,2";
				TEST_TARGET_NAME = Nictionary;
			};
			name = Release;
		};
/* End XCBuildConfiguration section */

/* Begin XCConfigurationList section */
		89106B0827AAADC500D20627 /* Build configuration list for PBXProject "Nictionary" */ = {
			isa = XCConfigurationList;
			buildConfigurations = (
				89106B2F27AAADC800D20627 /* Debug */,
				89106B3027AAADC800D20627 /* Release */,
			);
			defaultConfigurationIsVisible = 0;
			defaultConfigurationName = Release;
		};
		89106B3127AAADC800D20627 /* Build configuration list for PBXNativeTarget "Nictionary" */ = {
			isa = XCConfigurationList;
			buildConfigurations = (
				89106B3227AAADC800D20627 /* Debug */,
				89106B3327AAADC800D20627 /* Release */,
			);
			defaultConfigurationIsVisible = 0;
			defaultConfigurationName = Release;
		};
		89106B3427AAADC800D20627 /* Build configuration list for PBXNativeTarget "NictionaryTests" */ = {
			isa = XCConfigurationList;
			buildConfigurations = (
				89106B3527AAADC800D20627 /* Debug */,
				89106B3627AAADC800D20627 /* Release */,
			);
			defaultConfigurationIsVisible = 0;
			defaultConfigurationName = Release;
		};
		89106B3727AAADC800D20627 /* Build configuration list for PBXNativeTarget "NictionaryUITests" */ = {
			isa = XCConfigurationList;
			buildConfigurations = (
				89106B3827AAADC800D20627 /* Debug */,
				89106B3927AAADC800D20627 /* Release */,
			);
			defaultConfigurationIsVisible = 0;
			defaultConfigurationName = Release;
		};
/* End XCConfigurationList section */

/* Begin XCRemoteSwiftPackageReference section */
		899C913127AC808F001772AF /* XCRemoteSwiftPackageReference "swift-collections" */ = {
			isa = XCRemoteSwiftPackageReference;
			repositoryURL = "https://github.com/apple/swift-collections.git";
			requirement = {
				kind = upToNextMajorVersion;
				minimumVersion = 1.0.0;
			};
		};
		89CF9B3027B4616200EC3B1F /* XCRemoteSwiftPackageReference "pure-swift-ui" */ = {
			isa = XCRemoteSwiftPackageReference;
			repositoryURL = "https://github.com/CodeSlicing/pure-swift-ui.git";
			requirement = {
				kind = upToNextMajorVersion;
				minimumVersion = 3.0.0;
			};
		};
		89CF9B3327B4618700EC3B1F /* XCRemoteSwiftPackageReference "pure-swift-ui-tools" */ = {
			isa = XCRemoteSwiftPackageReference;
			repositoryURL = "https://github.com/CodeSlicing/pure-swift-ui-tools.git";
			requirement = {
				kind = upToNextMajorVersion;
				minimumVersion = 3.0.0;
			};
		};
/* End XCRemoteSwiftPackageReference section */

/* Begin XCSwiftPackageProductDependency section */
		899C913227AC808F001772AF /* Collections */ = {
			isa = XCSwiftPackageProductDependency;
			package = 899C913127AC808F001772AF /* XCRemoteSwiftPackageReference "swift-collections" */;
			productName = Collections;
		};
		899C913427AC808F001772AF /* OrderedCollections */ = {
			isa = XCSwiftPackageProductDependency;
			package = 899C913127AC808F001772AF /* XCRemoteSwiftPackageReference "swift-collections" */;
			productName = OrderedCollections;
		};
		89CF9B3127B4616200EC3B1F /* PureSwiftUI */ = {
			isa = XCSwiftPackageProductDependency;
			package = 89CF9B3027B4616200EC3B1F /* XCRemoteSwiftPackageReference "pure-swift-ui" */;
			productName = PureSwiftUI;
		};
		89CF9B3427B4618700EC3B1F /* PureSwiftUITools */ = {
			isa = XCSwiftPackageProductDependency;
			package = 89CF9B3327B4618700EC3B1F /* XCRemoteSwiftPackageReference "pure-swift-ui-tools" */;
			productName = PureSwiftUITools;
		};
/* End XCSwiftPackageProductDependency section */
	};
	rootObject = 89106B0527AAADC500D20627 /* Project object */;
}
